
Microsoft Visual Studio Solution File, Format Version 12.00
# Visual Studio 15
VisualStudioVersion = 15.0.27428.2015
MinimumVisualStudioVersion = 10.0.40219.1
Project("{FAE04EC0-301F-11D3-BF4B-00C04F79EFBC}") = "observer-pattern-csharp", "observer-pattern-csharp\observer-pattern-csharp.csproj", "{8A26CA24-22C6-47F6-A805-BC43EAE8C8BC}"
EndProject
Project("{FAE04EC0-301F-11D3-BF4B-00C04F79EFBC}") = "Example 1", "Example 1\Example 1.csproj", "{E4105126-720F-4783-991D-A3EDADB8F52B}"
EndProject
Project("{FAE04EC0-301F-11D3-BF4B-00C04F79EFBC}") = "Example 2", "Example 2\Example 2.csproj", "{A9EA69B9-C91A-433D-9092-3B19A99CF33F}"
EndProject
Project("{FAE04EC0-301F-11D3-BF4B-00C04F79EFBC}") = "Example 3", "Example 3\Example 3.csproj", "{CF9A838B-A72D-4395-A7D2-F102E9678322}"
EndProject
Project("{FAE04EC0-301F-11D3-BF4B-00C04F79EFBC}") = "Example 4", "Example 4\Example 4.csproj", "{6EB78FC0-0147-4874-B612-A63518AD93C8}"
EndProject
Global
	GlobalSection(SolutionConfigurationPlatforms) = preSolution
		Debug|Any CPU = Debug|Any CPU
		Release|Any CPU = Release|Any CPU
	EndGlobalSection
	GlobalSection(ProjectConfigurationPlatforms) = postSolution
		{8A26CA24-22C6-47F6-A805-BC43EAE8C8BC}.Debug|Any CPU.ActiveCfg = Debug|Any CPU
		{8A26CA24-22C6-47F6-A805-BC43EAE8C8BC}.Debug|Any CPU.Build.0 = Debug|Any CPU
		{8A26CA24-22C6-47F6-A805-BC43EAE8C8BC}.Release|Any CPU.ActiveCfg = Release|Any CPU
		{8A26CA24-22C6-47F6-A805-BC43EAE8C8BC}.Release|Any CPU.Build.0 = Release|Any CPU
		{E4105126-720F-4783-991D-A3EDADB8F52B}.Debug|Any CPU.ActiveCfg = Debug|Any CPU
		{E4105126-720F-4783-991D-A3EDADB8F52B}.Debug|Any CPU.Build.0 = Debug|Any CPU
		{E4105126-720F-4783-991D-A3EDADB8F52B}.Release|Any CPU.ActiveCfg = Release|Any CPU
		{E4105126-720F-4783-991D-A3EDADB8F52B}.Release|Any CPU.Build.0 = Release|Any CPU
		{A9EA69B9-C91A-433D-9092-3B19A99CF33F}.Debug|Any CPU.ActiveCfg = Debug|Any CPU
		{A9EA69B9-C91A-433D-9092-3B19A99CF33F}.Debug|Any CPU.Build.0 = Debug|Any CPU
		{A9EA69B9-C91A-433D-9092-3B19A99CF33F}.Release|Any CPU.ActiveCfg = Release|Any CPU
		{A9EA69B9-C91A-433D-9092-3B19A99CF33F}.Release|Any CPU.Build.0 = Release|Any CPU
		{CF9A838B-A72D-4395-A7D2-F102E9678322}.Debug|Any CPU.ActiveCfg = Debug|Any CPU
		{CF9A838B-A72D-4395-A7D2-F102E9678322}.Debug|Any CPU.Build.0 = Debug|Any CPU
		{CF9A838B-A72D-4395-A7D2-F102E9678322}.Release|Any CPU.ActiveCfg = Release|Any CPU
		{CF9A838B-A72D-4395-A7D2-F102E9678322}.Release|Any CPU.Build.0 = Release|Any CPU
		{6EB78FC0-0147-4874-B612-A63518AD93C8}.Debug|Any CPU.ActiveCfg = Debug|Any CPU
		{6EB78FC0-0147-4874-B612-A63518AD93C8}.Debug|Any CPU.Build.0 = Debug|Any CPU
		{6EB78FC0-0147-4874-B612-A63518AD93C8}.Release|Any CPU.ActiveCfg = Release|Any CPU
		{6EB78FC0-0147-4874-B612-A63518AD93C8}.Release|Any CPU.Build.0 = Release|Any CPU
	EndGlobalSection
	GlobalSection(SolutionProperties) = preSolution
		HideSolutionNode = FALSE
	EndGlobalSection
	GlobalSection(ExtensibilityGlobals) = postSolution
		SolutionGuid = {6F47B042-BA89-497E-A178-84EB8FA2649A}
	EndGlobalSection
EndGlobal
